{
  "object": {
    "pins": [
      {
        "package": "Aries",
        "repositoryURL": "git@github.com:My-DIGI-ID/id-wallet-2-ios-aries-sdk.git",
        "state": {
          "branch": null,
          "revision": "d6967a10db6c9f051d0cf7ab05cdac93dc4841e9",
          "version": "0.1.0"
        }
      },
      {
        "package": "Indy",
        "repositoryURL": "git@github.com:My-DIGI-ID/id-wallet-2-ios-indy-sdk.git",
        "state": {
          "branch": null,
          "revision": "9af41c219f1d1a6d31f6251be3289a844cbbf106",
          "version": "0.1.0"
        }
      },
      {
        "package": "Valet",
        "repositoryURL": "https://github.com/square/Valet",
        "state": {
          "branch": null,
          "revision": "2bf3329055f5d71d42a12801dd69d1d770fafa5e",
          "version": "4.1.2"
        }
      }
    ]
  },
  "version": 1
}
