{
  "object": {
    "pins": [
      {
        "package": "Aries",
        "repositoryURL": "git@github.com:My-DIGI-ID/id-wallet-2-ios-aries-sdk.git",
        "state": {
          "branch": "development",
          "revision": "6d56c6bc485c29ac4f465b372b0e1a9824166d47",
          "version": null
        }
      },
      {
        "package": "Indy",
        "repositoryURL": "git@github.com:My-DIGI-ID/id-wallet-2-ios-indy-sdk.git",
        "state": {
          "branch": "development",
          "revision": "9af41c219f1d1a6d31f6251be3289a844cbbf106",
          "version": null
        }
      },
      {
        "package": "Valet",
        "repositoryURL": "https://github.com/square/Valet",
        "state": {
          "branch": null,
          "revision": "2bf3329055f5d71d42a12801dd69d1d770fafa5e",
          "version": "4.1.2"
        }
      }
    ]
  },
  "version": 1
}
